// !$*UTF8*$!
{
	archiveVersion = 1;
	classes = {
	};
	objectVersion = 56;
	objects = {

/* Begin PBXBuildFile section */
		9E68381329A4EA7800A11FF3 /* AppDelegate.swift in Sources */ = {isa = PBXBuildFile; fileRef = 9E68381229A4EA7800A11FF3 /* AppDelegate.swift */; };
		9E68381529A4EA7800A11FF3 /* GameScene.sks in Resources */ = {isa = PBXBuildFile; fileRef = 9E68381429A4EA7800A11FF3 /* GameScene.sks */; };
		9E68381729A4EA7800A11FF3 /* Actions.sks in Resources */ = {isa = PBXBuildFile; fileRef = 9E68381629A4EA7800A11FF3 /* Actions.sks */; };
		9E68381929A4EA7800A11FF3 /* GameScene.swift in Sources */ = {isa = PBXBuildFile; fileRef = 9E68381829A4EA7800A11FF3 /* GameScene.swift */; };
		9E68381B29A4EA7800A11FF3 /* GameViewController.swift in Sources */ = {isa = PBXBuildFile; fileRef = 9E68381A29A4EA7800A11FF3 /* GameViewController.swift */; };
		9E68381E29A4EA7800A11FF3 /* Main.storyboard in Resources */ = {isa = PBXBuildFile; fileRef = 9E68381C29A4EA7800A11FF3 /* Main.storyboard */; };
		9E68382029A4EA7A00A11FF3 /* Assets.xcassets in Resources */ = {isa = PBXBuildFile; fileRef = 9E68381F29A4EA7A00A11FF3 /* Assets.xcassets */; };
		9E68382329A4EA7A00A11FF3 /* LaunchScreen.storyboard in Resources */ = {isa = PBXBuildFile; fileRef = 9E68382129A4EA7A00A11FF3 /* LaunchScreen.storyboard */; };
		9E6FA54029A636C300A0F701 /* explosion.mp3 in Resources */ = {isa = PBXBuildFile; fileRef = 9E6FA53E29A636C300A0F701 /* explosion.mp3 */; };
		9E6FA54129A636C300A0F701 /* torpedo.mp3 in Resources */ = {isa = PBXBuildFile; fileRef = 9E6FA53F29A636C300A0F701 /* torpedo.mp3 */; };
		9E6FA54629A6373900A0F701 /* Starfield.sks in Resources */ = {isa = PBXBuildFile; fileRef = 9E6FA54429A6373900A0F701 /* Starfield.sks */; };
		9E6FA54729A6373900A0F701 /* Explosion.sks in Resources */ = {isa = PBXBuildFile; fileRef = 9E6FA54529A6373900A0F701 /* Explosion.sks */; };
		9E6FA54F29A77F9C00A0F701 /* MenuScene.sks in Resources */ = {isa = PBXBuildFile; fileRef = 9E6FA54E29A77F9C00A0F701 /* MenuScene.sks */; };
		9E6FA55129A780ED00A0F701 /* MenuScene.swift in Sources */ = {isa = PBXBuildFile; fileRef = 9E6FA55029A780ED00A0F701 /* MenuScene.swift */; };
		9E6FA55629A7C66B00A0F701 /* lose.wav in Resources */ = {isa = PBXBuildFile; fileRef = 9E6FA55529A7C66B00A0F701 /* lose.wav */; };
		9E6FA55829A7C83000A0F701 /* GameOverScene.sks in Resources */ = {isa = PBXBuildFile; fileRef = 9E6FA55729A7C83000A0F701 /* GameOverScene.sks */; };
		9E6FA55B29A7C8F600A0F701 /* GameOverScene.swift in Sources */ = {isa = PBXBuildFile; fileRef = 9E6FA55A29A7C8F600A0F701 /* GameOverScene.swift */; };
		9E6FA55D29A7CFD300A0F701 /* gameOver.wav in Resources */ = {isa = PBXBuildFile; fileRef = 9E6FA55C29A7CFD300A0F701 /* gameOver.wav */; };
		9E6FA55F29A7D1CB00A0F701 /* backgroundMusic.mp3 in Resources */ = {isa = PBXBuildFile; fileRef = 9E6FA55E29A7D1CB00A0F701 /* backgroundMusic.mp3 */; };
		9E6FA56229A8C18A00A0F701 /* .gitignore in Resources */ = {isa = PBXBuildFile; fileRef = 9E6FA56129A8C18A00A0F701 /* .gitignore */; };
/* End PBXBuildFile section */

/* Begin PBXFileReference section */
		9E68380F29A4EA7800A11FF3 /* RocketMan.app */ = {isa = PBXFileReference; explicitFileType = wrapper.application; includeInIndex = 0; path = RocketMan.app; sourceTree = BUILT_PRODUCTS_DIR; };
		9E68381229A4EA7800A11FF3 /* AppDelegate.swift */ = {isa = PBXFileReference; lastKnownFileType = sourcecode.swift; path = AppDelegate.swift; sourceTree = "<group>"; };
		9E68381429A4EA7800A11FF3 /* GameScene.sks */ = {isa = PBXFileReference; lastKnownFileType = file.sks; path = GameScene.sks; sourceTree = "<group>"; };
		9E68381629A4EA7800A11FF3 /* Actions.sks */ = {isa = PBXFileReference; lastKnownFileType = file.sks; path = Actions.sks; sourceTree = "<group>"; };
		9E68381829A4EA7800A11FF3 /* GameScene.swift */ = {isa = PBXFileReference; lastKnownFileType = sourcecode.swift; path = GameScene.swift; sourceTree = "<group>"; };
		9E68381A29A4EA7800A11FF3 /* GameViewController.swift */ = {isa = PBXFileReference; lastKnownFileType = sourcecode.swift; path = GameViewController.swift; sourceTree = "<group>"; };
		9E68381D29A4EA7800A11FF3 /* Base */ = {isa = PBXFileReference; lastKnownFileType = file.storyboard; name = Base; path = Base.lproj/Main.storyboard; sourceTree = "<group>"; };
		9E68381F29A4EA7A00A11FF3 /* Assets.xcassets */ = {isa = PBXFileReference; lastKnownFileType = folder.assetcatalog; path = Assets.xcassets; sourceTree = "<group>"; };
		9E68382229A4EA7A00A11FF3 /* Base */ = {isa = PBXFileReference; lastKnownFileType = file.storyboard; name = Base; path = Base.lproj/LaunchScreen.storyboard; sourceTree = "<group>"; };
		9E6FA53E29A636C300A0F701 /* explosion.mp3 */ = {isa = PBXFileReference; lastKnownFileType = audio.mp3; path = explosion.mp3; sourceTree = "<group>"; };
		9E6FA53F29A636C300A0F701 /* torpedo.mp3 */ = {isa = PBXFileReference; lastKnownFileType = audio.mp3; path = torpedo.mp3; sourceTree = "<group>"; };
		9E6FA54429A6373900A0F701 /* Starfield.sks */ = {isa = PBXFileReference; lastKnownFileType = file.sks; path = Starfield.sks; sourceTree = "<group>"; };
		9E6FA54529A6373900A0F701 /* Explosion.sks */ = {isa = PBXFileReference; lastKnownFileType = file.sks; path = Explosion.sks; sourceTree = "<group>"; };
		9E6FA54E29A77F9C00A0F701 /* MenuScene.sks */ = {isa = PBXFileReference; lastKnownFileType = file.sks; path = MenuScene.sks; sourceTree = "<group>"; };
		9E6FA55029A780ED00A0F701 /* MenuScene.swift */ = {isa = PBXFileReference; lastKnownFileType = sourcecode.swift; path = MenuScene.swift; sourceTree = "<group>"; };
		9E6FA55529A7C66B00A0F701 /* lose.wav */ = {isa = PBXFileReference; lastKnownFileType = audio.wav; path = lose.wav; sourceTree = "<group>"; };
		9E6FA55729A7C83000A0F701 /* GameOverScene.sks */ = {isa = PBXFileReference; lastKnownFileType = file.sks; path = GameOverScene.sks; sourceTree = "<group>"; };
		9E6FA55A29A7C8F600A0F701 /* GameOverScene.swift */ = {isa = PBXFileReference; lastKnownFileType = sourcecode.swift; path = GameOverScene.swift; sourceTree = "<group>"; };
		9E6FA55C29A7CFD300A0F701 /* gameOver.wav */ = {isa = PBXFileReference; lastKnownFileType = audio.wav; path = gameOver.wav; sourceTree = "<group>"; };
		9E6FA55E29A7D1CB00A0F701 /* backgroundMusic.mp3 */ = {isa = PBXFileReference; lastKnownFileType = audio.mp3; path = backgroundMusic.mp3; sourceTree = "<group>"; };
		9E6FA56029A8B5DB00A0F701 /* README.md */ = {isa = PBXFileReference; lastKnownFileType = net.daringfireball.markdown; path = README.md; sourceTree = "<group>"; };
		9E6FA56129A8C18A00A0F701 /* .gitignore */ = {isa = PBXFileReference; lastKnownFileType = text; path = .gitignore; sourceTree = "<group>"; };
/* End PBXFileReference section */

/* Begin PBXFrameworksBuildPhase section */
		9E68380C29A4EA7800A11FF3 /* Frameworks */ = {
			isa = PBXFrameworksBuildPhase;
			buildActionMask = 2147483647;
			files = (
			);
			runOnlyForDeploymentPostprocessing = 0;
		};
/* End PBXFrameworksBuildPhase section */

/* Begin PBXGroup section */
		9E68380629A4EA7800A11FF3 = {
			isa = PBXGroup;
			children = (
				9E6FA56129A8C18A00A0F701 /* .gitignore */,
				9E6FA56029A8B5DB00A0F701 /* README.md */,
				9E68381129A4EA7800A11FF3 /* RocketMan */,
				9E68381029A4EA7800A11FF3 /* Products */,
			);
			sourceTree = "<group>";
		};
		9E68381029A4EA7800A11FF3 /* Products */ = {
			isa = PBXGroup;
			children = (
				9E68380F29A4EA7800A11FF3 /* RocketMan.app */,
			);
			name = Products;
			sourceTree = "<group>";
		};
		9E68381129A4EA7800A11FF3 /* RocketMan */ = {
			isa = PBXGroup;
			children = (
				9E68381229A4EA7800A11FF3 /* AppDelegate.swift */,
				9E68381A29A4EA7800A11FF3 /* GameViewController.swift */,
				9E68381629A4EA7800A11FF3 /* Actions.sks */,
				9E6FA55229A792F000A0F701 /* MenuScene */,
				9E6FA54A29A77F2600A0F701 /* GameScene */,
				9E6FA55929A7C8E300A0F701 /* GameOVerScene */,
				9E6FA54D29A77F7500A0F701 /* Storyboards */,
				9E6FA54B29A77F3B00A0F701 /* Emitters */,
				9E6FA54C29A77F4600A0F701 /* Sounds */,
				9E68381F29A4EA7A00A11FF3 /* Assets.xcassets */,
			);
			path = RocketMan;
			sourceTree = "<group>";
		};
		9E6FA54A29A77F2600A0F701 /* GameScene */ = {
			isa = PBXGroup;
			children = (
				9E68381429A4EA7800A11FF3 /* GameScene.sks */,
				9E68381829A4EA7800A11FF3 /* GameScene.swift */,
			);
			path = GameScene;
			sourceTree = "<group>";
		};
		9E6FA54B29A77F3B00A0F701 /* Emitters */ = {
			isa = PBXGroup;
			children = (
				9E6FA54529A6373900A0F701 /* Explosion.sks */,
				9E6FA54429A6373900A0F701 /* Starfield.sks */,
			);
			path = Emitters;
			sourceTree = "<group>";
		};
		9E6FA54C29A77F4600A0F701 /* Sounds */ = {
			isa = PBXGroup;
			children = (
				9E6FA53E29A636C300A0F701 /* explosion.mp3 */,
				9E6FA53F29A636C300A0F701 /* torpedo.mp3 */,
				9E6FA55C29A7CFD300A0F701 /* gameOver.wav */,
				9E6FA55529A7C66B00A0F701 /* lose.wav */,
				9E6FA55E29A7D1CB00A0F701 /* backgroundMusic.mp3 */,
			);
			path = Sounds;
			sourceTree = "<group>";
		};
		9E6FA54D29A77F7500A0F701 /* Storyboards */ = {
			isa = PBXGroup;
			children = (
				9E68381C29A4EA7800A11FF3 /* Main.storyboard */,
				9E68382129A4EA7A00A11FF3 /* LaunchScreen.storyboard */,
			);
			path = Storyboards;
			sourceTree = "<group>";
		};
		9E6FA55229A792F000A0F701 /* MenuScene */ = {
			isa = PBXGroup;
			children = (
				9E6FA54E29A77F9C00A0F701 /* MenuScene.sks */,
				9E6FA55029A780ED00A0F701 /* MenuScene.swift */,
			);
			path = MenuScene;
			sourceTree = "<group>";
		};
		9E6FA55929A7C8E300A0F701 /* GameOVerScene */ = {
			isa = PBXGroup;
			children = (
				9E6FA55729A7C83000A0F701 /* GameOverScene.sks */,
				9E6FA55A29A7C8F600A0F701 /* GameOverScene.swift */,
			);
			path = GameOVerScene;
			sourceTree = "<group>";
		};
/* End PBXGroup section */

/* Begin PBXNativeTarget section */
		9E68380E29A4EA7800A11FF3 /* RocketMan */ = {
			isa = PBXNativeTarget;
			buildConfigurationList = 9E68382629A4EA7A00A11FF3 /* Build configuration list for PBXNativeTarget "RocketMan" */;
			buildPhases = (
				9E68380B29A4EA7800A11FF3 /* Sources */,
				9E68380C29A4EA7800A11FF3 /* Frameworks */,
				9E68380D29A4EA7800A11FF3 /* Resources */,
			);
			buildRules = (
			);
			dependencies = (
			);
			name = RocketMan;
			productName = RocketMan;
			productReference = 9E68380F29A4EA7800A11FF3 /* RocketMan.app */;
			productType = "com.apple.product-type.application";
		};
/* End PBXNativeTarget section */

/* Begin PBXProject section */
		9E68380729A4EA7800A11FF3 /* Project object */ = {
			isa = PBXProject;
			attributes = {
				BuildIndependentTargetsInParallel = 1;
				LastSwiftUpdateCheck = 1420;
				LastUpgradeCheck = 1420;
				TargetAttributes = {
					9E68380E29A4EA7800A11FF3 = {
						CreatedOnToolsVersion = 14.2;
					};
				};
			};
			buildConfigurationList = 9E68380A29A4EA7800A11FF3 /* Build configuration list for PBXProject "RocketMan" */;
			compatibilityVersion = "Xcode 14.0";
			developmentRegion = en;
			hasScannedForEncodings = 0;
			knownRegions = (
				en,
				Base,
			);
			mainGroup = 9E68380629A4EA7800A11FF3;
			productRefGroup = 9E68381029A4EA7800A11FF3 /* Products */;
			projectDirPath = "";
			projectRoot = "";
			targets = (
				9E68380E29A4EA7800A11FF3 /* RocketMan */,
			);
		};
/* End PBXProject section */

/* Begin PBXResourcesBuildPhase section */
		9E68380D29A4EA7800A11FF3 /* Resources */ = {
			isa = PBXResourcesBuildPhase;
			buildActionMask = 2147483647;
			files = (
				9E6FA54129A636C300A0F701 /* torpedo.mp3 in Resources */,
				9E6FA54029A636C300A0F701 /* explosion.mp3 in Resources */,
				9E6FA55629A7C66B00A0F701 /* lose.wav in Resources */,
				9E6FA54629A6373900A0F701 /* Starfield.sks in Resources */,
				9E6FA55829A7C83000A0F701 /* GameOverScene.sks in Resources */,
				9E6FA54F29A77F9C00A0F701 /* MenuScene.sks in Resources */,
				9E6FA55F29A7D1CB00A0F701 /* backgroundMusic.mp3 in Resources */,
				9E68381E29A4EA7800A11FF3 /* Main.storyboard in Resources */,
				9E68381529A4EA7800A11FF3 /* GameScene.sks in Resources */,
				9E68382029A4EA7A00A11FF3 /* Assets.xcassets in Resources */,
				9E6FA56229A8C18A00A0F701 /* .gitignore in Resources */,
				9E68382329A4EA7A00A11FF3 /* LaunchScreen.storyboard in Resources */,
				9E6FA55D29A7CFD300A0F701 /* gameOver.wav in Resources */,
				9E68381729A4EA7800A11FF3 /* Actions.sks in Resources */,
				9E6FA54729A6373900A0F701 /* Explosion.sks in Resources */,
			);
			runOnlyForDeploymentPostprocessing = 0;
		};
/* End PBXResourcesBuildPhase section */

/* Begin PBXSourcesBuildPhase section */
		9E68380B29A4EA7800A11FF3 /* Sources */ = {
			isa = PBXSourcesBuildPhase;
			buildActionMask = 2147483647;
			files = (
				9E6FA55B29A7C8F600A0F701 /* GameOverScene.swift in Sources */,
				9E68381929A4EA7800A11FF3 /* GameScene.swift in Sources */,
				9E6FA55129A780ED00A0F701 /* MenuScene.swift in Sources */,
				9E68381B29A4EA7800A11FF3 /* GameViewController.swift in Sources */,
				9E68381329A4EA7800A11FF3 /* AppDelegate.swift in Sources */,
			);
			runOnlyForDeploymentPostprocessing = 0;
		};
/* End PBXSourcesBuildPhase section */

/* Begin PBXVariantGroup section */
		9E68381C29A4EA7800A11FF3 /* Main.storyboard */ = {
			isa = PBXVariantGroup;
			children = (
				9E68381D29A4EA7800A11FF3 /* Base */,
			);
			name = Main.storyboard;
			sourceTree = "<group>";
		};
		9E68382129A4EA7A00A11FF3 /* LaunchScreen.storyboard */ = {
			isa = PBXVariantGroup;
			children = (
				9E68382229A4EA7A00A11FF3 /* Base */,
			);
			name = LaunchScreen.storyboard;
			sourceTree = "<group>";
		};
/* End PBXVariantGroup section */

/* Begin XCBuildConfiguration section */
		9E68382429A4EA7A00A11FF3 /* Debug */ = {
			isa = XCBuildConfiguration;
			buildSettings = {
				ALWAYS_SEARCH_USER_PATHS = NO;
				CLANG_ANALYZER_NONNULL = YES;
				CLANG_ANALYZER_NUMBER_OBJECT_CONVERSION = YES_AGGRESSIVE;
				CLANG_CXX_LANGUAGE_STANDARD = "gnu++20";
				CLANG_ENABLE_MODULES = YES;
				CLANG_ENABLE_OBJC_ARC = YES;
				CLANG_ENABLE_OBJC_WEAK = YES;
				CLANG_WARN_BLOCK_CAPTURE_AUTORELEASING = YES;
				CLANG_WARN_BOOL_CONVERSION = YES;
				CLANG_WARN_COMMA = YES;
				CLANG_WARN_CONSTANT_CONVERSION = YES;
				CLANG_WARN_DEPRECATED_OBJC_IMPLEMENTATIONS = YES;
				CLANG_WARN_DIRECT_OBJC_ISA_USAGE = YES_ERROR;
				CLANG_WARN_DOCUMENTATION_COMMENTS = YES;
				CLANG_WARN_EMPTY_BODY = YES;
				CLANG_WARN_ENUM_CONVERSION = YES;
				CLANG_WARN_INFINITE_RECURSION = YES;
				CLANG_WARN_INT_CONVERSION = YES;
				CLANG_WARN_NON_LITERAL_NULL_CONVERSION = YES;
				CLANG_WARN_OBJC_IMPLICIT_RETAIN_SELF = YES;
				CLANG_WARN_OBJC_LITERAL_CONVERSION = YES;
				CLANG_WARN_OBJC_ROOT_CLASS = YES_ERROR;
				CLANG_WARN_QUOTED_INCLUDE_IN_FRAMEWORK_HEADER = YES;
				CLANG_WARN_RANGE_LOOP_ANALYSIS = YES;
				CLANG_WARN_STRICT_PROTOTYPES = YES;
				CLANG_WARN_SUSPICIOUS_MOVE = YES;
				CLANG_WARN_UNGUARDED_AVAILABILITY = YES_AGGRESSIVE;
				CLANG_WARN_UNREACHABLE_CODE = YES;
				CLANG_WARN__DUPLICATE_METHOD_MATCH = YES;
				COPY_PHASE_STRIP = NO;
				DEBUG_INFORMATION_FORMAT = dwarf;
				ENABLE_STRICT_OBJC_MSGSEND = YES;
				ENABLE_TESTABILITY = YES;
				GCC_C_LANGUAGE_STANDARD = gnu11;
				GCC_DYNAMIC_NO_PIC = NO;
				GCC_NO_COMMON_BLOCKS = YES;
				GCC_OPTIMIZATION_LEVEL = 0;
				GCC_PREPROCESSOR_DEFINITIONS = (
					"DEBUG=1",
					"$(inherited)",
				);
				GCC_WARN_64_TO_32_BIT_CONVERSION = YES;
				GCC_WARN_ABOUT_RETURN_TYPE = YES_ERROR;
				GCC_WARN_UNDECLARED_SELECTOR = YES;
				GCC_WARN_UNINITIALIZED_AUTOS = YES_AGGRESSIVE;
				GCC_WARN_UNUSED_FUNCTION = YES;
				GCC_WARN_UNUSED_VARIABLE = YES;
				IPHONEOS_DEPLOYMENT_TARGET = 16.2;
				MTL_ENABLE_DEBUG_INFO = INCLUDE_SOURCE;
				MTL_FAST_MATH = YES;
				ONLY_ACTIVE_ARCH = YES;
				SDKROOT = iphoneos;
				SWIFT_ACTIVE_COMPILATION_CONDITIONS = DEBUG;
				SWIFT_OPTIMIZATION_LEVEL = "-Onone";
			};
			name = Debug;
		};
		9E68382529A4EA7A00A11FF3 /* Release */ = {
			isa = XCBuildConfiguration;
			buildSettings = {
				ALWAYS_SEARCH_USER_PATHS = NO;
				CLANG_ANALYZER_NONNULL = YES;
				CLANG_ANALYZER_NUMBER_OBJECT_CONVERSION = YES_AGGRESSIVE;
				CLANG_CXX_LANGUAGE_STANDARD = "gnu++20";
				CLANG_ENABLE_MODULES = YES;
				CLANG_ENABLE_OBJC_ARC = YES;
				CLANG_ENABLE_OBJC_WEAK = YES;
				CLANG_WARN_BLOCK_CAPTURE_AUTORELEASING = YES;
				CLANG_WARN_BOOL_CONVERSION = YES;
				CLANG_WARN_COMMA = YES;
				CLANG_WARN_CONSTANT_CONVERSION = YES;
				CLANG_WARN_DEPRECATED_OBJC_IMPLEMENTATIONS = YES;
				CLANG_WARN_DIRECT_OBJC_ISA_USAGE = YES_ERROR;
				CLANG_WARN_DOCUMENTATION_COMMENTS = YES;
				CLANG_WARN_EMPTY_BODY = YES;
				CLANG_WARN_ENUM_CONVERSION = YES;
				CLANG_WARN_INFINITE_RECURSION = YES;
				CLANG_WARN_INT_CONVERSION = YES;
				CLANG_WARN_NON_LITERAL_NULL_CONVERSION = YES;
				CLANG_WARN_OBJC_IMPLICIT_RETAIN_SELF = YES;
				CLANG_WARN_OBJC_LITERAL_CONVERSION = YES;
				CLANG_WARN_OBJC_ROOT_CLASS = YES_ERROR;
				CLANG_WARN_QUOTED_INCLUDE_IN_FRAMEWORK_HEADER = YES;
				CLANG_WARN_RANGE_LOOP_ANALYSIS = YES;
				CLANG_WARN_STRICT_PROTOTYPES = YES;
				CLANG_WARN_SUSPICIOUS_MOVE = YES;
				CLANG_WARN_UNGUARDED_AVAILABILITY = YES_AGGRESSIVE;
				CLANG_WARN_UNREACHABLE_CODE = YES;
				CLANG_WARN__DUPLICATE_METHOD_MATCH = YES;
				COPY_PHASE_STRIP = NO;
				DEBUG_INFORMATION_FORMAT = "dwarf-with-dsym";
				ENABLE_NS_ASSERTIONS = NO;
				ENABLE_STRICT_OBJC_MSGSEND = YES;
				GCC_C_LANGUAGE_STANDARD = gnu11;
				GCC_NO_COMMON_BLOCKS = YES;
				GCC_WARN_64_TO_32_BIT_CONVERSION = YES;
				GCC_WARN_ABOUT_RETURN_TYPE = YES_ERROR;
				GCC_WARN_UNDECLARED_SELECTOR = YES;
				GCC_WARN_UNINITIALIZED_AUTOS = YES_AGGRESSIVE;
				GCC_WARN_UNUSED_FUNCTION = YES;
				GCC_WARN_UNUSED_VARIABLE = YES;
				IPHONEOS_DEPLOYMENT_TARGET = 16.2;
				MTL_ENABLE_DEBUG_INFO = NO;
				MTL_FAST_MATH = YES;
				SDKROOT = iphoneos;
				SWIFT_COMPILATION_MODE = wholemodule;
				SWIFT_OPTIMIZATION_LEVEL = "-O";
				VALIDATE_PRODUCT = YES;
			};
			name = Release;
		};
		9E68382729A4EA7A00A11FF3 /* Debug */ = {
			isa = XCBuildConfiguration;
			buildSettings = {
				ASSETCATALOG_COMPILER_APPICON_NAME = AppIcon;
				ASSETCATALOG_COMPILER_GLOBAL_ACCENT_COLOR_NAME = AccentColor;
				CODE_SIGN_STYLE = Automatic;
				CURRENT_PROJECT_VERSION = 1;
				DEVELOPMENT_TEAM = 52V9YXPJQB;
				GENERATE_INFOPLIST_FILE = YES;
				INFOPLIST_KEY_CFBundleDisplayName = RocketMan;
				INFOPLIST_KEY_LSApplicationCategoryType = "public.app-category.action-games";
				INFOPLIST_KEY_UIApplicationSupportsIndirectInputEvents = YES;
				INFOPLIST_KEY_UILaunchStoryboardName = LaunchScreen;
				INFOPLIST_KEY_UIMainStoryboardFile = Main;
				INFOPLIST_KEY_UIStatusBarHidden = YES;
				INFOPLIST_KEY_UISupportedInterfaceOrientations = UIInterfaceOrientationPortrait;
				INFOPLIST_KEY_UISupportedInterfaceOrientations_iPad = "UIInterfaceOrientationLandscapeLeft UIInterfaceOrientationLandscapeRight UIInterfaceOrientationPortrait UIInterfaceOrientationPortraitUpsideDown";
				IPHONEOS_DEPLOYMENT_TARGET = 16.0;
				LD_RUNPATH_SEARCH_PATHS = (
					"$(inherited)",
					"@executable_path/Frameworks",
				);
				MARKETING_VERSION = 1.0;
				PRODUCT_BUNDLE_IDENTIFIER = prokodan.RocketMan;
				PRODUCT_NAME = "$(TARGET_NAME)";
				SUPPORTED_PLATFORMS = "iphoneos iphonesimulator";
				SUPPORTS_MACCATALYST = NO;
				SUPPORTS_MAC_DESIGNED_FOR_IPHONE_IPAD = YES;
				SWIFT_EMIT_LOC_STRINGS = YES;
				SWIFT_VERSION = 5.0;
				TARGETED_DEVICE_FAMILY = 1;
			};
			name = Debug;
		};
		9E68382829A4EA7A00A11FF3 /* Release */ = {
			isa = XCBuildConfiguration;
			buildSettings = {
				ASSETCATALOG_COMPILER_APPICON_NAME = AppIcon;
				ASSETCATALOG_COMPILER_GLOBAL_ACCENT_COLOR_NAME = AccentColor;
				CODE_SIGN_STYLE = Automatic;
				CURRENT_PROJECT_VERSION = 1;
				DEVELOPMENT_TEAM = 52V9YXPJQB;
				GENERATE_INFOPLIST_FILE = YES;
				INFOPLIST_KEY_CFBundleDisplayName = RocketMan;
				INFOPLIST_KEY_LSApplicationCategoryType = "public.app-category.action-games";
				INFOPLIST_KEY_UIApplicationSupportsIndirectInputEvents = YES;
				INFOPLIST_KEY_UILaunchStoryboardName = LaunchScreen;
				INFOPLIST_KEY_UIMainStoryboardFile = Main;
				INFOPLIST_KEY_UIStatusBarHidden = YES;
				INFOPLIST_KEY_UISupportedInterfaceOrientations = UIInterfaceOrientationPortrait;
				INFOPLIST_KEY_UISupportedInterfaceOrientations_iPad = "UIInterfaceOrientationLandscapeLeft UIInterfaceOrientationLandscapeRight UIInterfaceOrientationPortrait UIInterfaceOrientationPortraitUpsideDown";
				IPHONEOS_DEPLOYMENT_TARGET = 16.0;
				LD_RUNPATH_SEARCH_PATHS = (
					"$(inherited)",
					"@executable_path/Frameworks",
				);
				MARKETING_VERSION = 1.0;
				PRODUCT_BUNDLE_IDENTIFIER = prokodan.RocketMan;
				PRODUCT_NAME = "$(TARGET_NAME)";
				SUPPORTED_PLATFORMS = "iphoneos iphonesimulator";
				SUPPORTS_MACCATALYST = NO;
				SUPPORTS_MAC_DESIGNED_FOR_IPHONE_IPAD = YES;
				SWIFT_EMIT_LOC_STRINGS = YES;
				SWIFT_VERSION = 5.0;
				TARGETED_DEVICE_FAMILY = 1;
			};
			name = Release;
		};
/* End XCBuildConfiguration section */

/* Begin XCConfigurationList section */
		9E68380A29A4EA7800A11FF3 /* Build configuration list for PBXProject "RocketMan" */ = {
			isa = XCConfigurationList;
			buildConfigurations = (
				9E68382429A4EA7A00A11FF3 /* Debug */,
				9E68382529A4EA7A00A11FF3 /* Release */,
			);
			defaultConfigurationIsVisible = 0;
			defaultConfigurationName = Release;
		};
		9E68382629A4EA7A00A11FF3 /* Build configuration list for PBXNativeTarget "RocketMan" */ = {
			isa = XCConfigurationList;
			buildConfigurations = (
				9E68382729A4EA7A00A11FF3 /* Debug */,
				9E68382829A4EA7A00A11FF3 /* Release */,
			);
			defaultConfigurationIsVisible = 0;
			defaultConfigurationName = Release;
		};
/* End XCConfigurationList section */
	};
	rootObject = 9E68380729A4EA7800A11FF3 /* Project object */;
}
